hash: 4703944b89b38a91e9522ca678b49285ed2e460e63ed1af5ade337a1acdab23c
updated: 2017-04-06T21:15:05.949504706-07:00
imports:
- name: github.com/btcsuite/btcd
  version: f6ad7eb2c963151c71de2bd37d04d9af644a891d
  subpackages:
  - blockchain
  - btcec
  - btcjson
  - chaincfg
  - chaincfg/chainhash
  - database
  - txscript
  - wire
- name: github.com/btcsuite/btclog
  version: 73889fb79bd687870312b6e40effcecffbd57d30
- name: github.com/btcsuite/btcrpcclient
  version: abcdfb702a7ca67e4a32c10be380c63216bd69fe
- name: github.com/btcsuite/btcutil
  version: 86346b5a958c0cf94186b87855469ae991be501c
  subpackages:
  - base58
- name: github.com/btcsuite/fastsha256
  version: 637e656429416087660c84436a2a035d69d54e2e
- name: github.com/btcsuite/go-flags
  version: 6c288d648c1cc1befcb90cb5511dcacf64ae8e61
- name: github.com/btcsuite/go-socks
  version: 4720035b7bfd2a9bb130b1c184f8bbe41b6f0d0f
  subpackages:
  - socks
- name: github.com/btcsuite/golangcrypto
  version: 53f62d9b43e87a6c56975cf862af7edf33a8d0df
  subpackages:
  - ripemd160
- name: github.com/btcsuite/goleveldb
  version: 7834afc9e8cd15233b6c3d97e12674a31ca24602
  subpackages:
  - leveldb
  - leveldb/cache
  - leveldb/comparer
  - leveldb/errors
  - leveldb/filter
  - leveldb/iterator
  - leveldb/journal
  - leveldb/memdb
  - leveldb/opt
  - leveldb/storage
  - leveldb/table
  - leveldb/util
- name: github.com/btcsuite/seelog
  version: 313961b101eb55f65ae0f03ddd4e322731763b6c
- name: github.com/btcsuite/snappy-go
  version: 0bdef8d067237991ddaa1bb6072a740bc40601ba
- name: github.com/btcsuite/websocket
  version: 31079b6807923eb23992c421b114992b95131b55
- name: github.com/btcsuite/winsvc
  version: f8fb11f83f7e860e3769a08e6811d1b399a43722
  subpackages:
  - eventlog
  - mgr
  - registry
  - svc
  - winapi
- name: github.com/davecgh/go-spew
  version: 346938d642f2ec3594ed81d874461961cd0faa76
  subpackages:
  - spew
- name: golang.org/x/crypto
  version: 41d678d1df78cd0410143162dff954e6dc09300f
  subpackages:
  - sha3
testImports: []
